
Microsoft Visual Studio Solution File, Format Version 12.00
# Visual Studio 16
Project("{FAE04EC0-301F-11D3-BF4B-00C04F79EFBC}") = "Assembly-CSharp", "Assembly-CSharp.csproj", "{85976776-8775-EC0A-A986-4222FAAB8E55}"
EndProject
Project("{FAE04EC0-301F-11D3-BF4B-00C04F79EFBC}") = "Assembly-CSharp-Editor", "Assembly-CSharp-Editor.csproj", "{4AC536DB-5DDB-68D1-9662-9F2A3A9DBEB5}"
EndProject
Global
	GlobalSection(SolutionConfigurationPlatforms) = preSolution
		Debug|Any CPU = Debug|Any CPU
		Release|Any CPU = Release|Any CPU
	EndGlobalSection
	GlobalSection(ProjectConfigurationPlatforms) = postSolution
		{85976776-8775-EC0A-A986-4222FAAB8E55}.Debug|Any CPU.ActiveCfg = Debug|Any CPU
		{85976776-8775-EC0A-A986-4222FAAB8E55}.Debug|Any CPU.Build.0 = Debug|Any CPU
		{85976776-8775-EC0A-A986-4222FAAB8E55}.Release|Any CPU.ActiveCfg = Release|Any CPU
		{85976776-8775-EC0A-A986-4222FAAB8E55}.Release|Any CPU.Build.0 = Release|Any CPU
		{4AC536DB-5DDB-68D1-9662-9F2A3A9DBEB5}.Debug|Any CPU.ActiveCfg = Debug|Any CPU
		{4AC536DB-5DDB-68D1-9662-9F2A3A9DBEB5}.Debug|Any CPU.Build.0 = Debug|Any CPU
		{4AC536DB-5DDB-68D1-9662-9F2A3A9DBEB5}.Release|Any CPU.ActiveCfg = Release|Any CPU
		{4AC536DB-5DDB-68D1-9662-9F2A3A9DBEB5}.Release|Any CPU.Build.0 = Release|Any CPU
	EndGlobalSection
	GlobalSection(SolutionProperties) = preSolution
		HideSolutionNode = FALSE
	EndGlobalSection
EndGlobal
